// !$*UTF8*$!
{
	archiveVersion = 1;
	classes = {
	};
	objectVersion = 48;
	objects = {

/* Begin PBXBuildFile section */
		040CD13420BECB6B004868BD /* AppDelegate.swift in Sources */ = {isa = PBXBuildFile; fileRef = 040CD13320BECB6B004868BD /* AppDelegate.swift */; };
		040CD13620BECB6B004868BD /* ViewController.swift in Sources */ = {isa = PBXBuildFile; fileRef = 040CD13520BECB6B004868BD /* ViewController.swift */; };
		040CD13920BECB6B004868BD /* Main.storyboard in Resources */ = {isa = PBXBuildFile; fileRef = 040CD13720BECB6B004868BD /* Main.storyboard */; };
		040CD13B20BECB6B004868BD /* Assets.xcassets in Resources */ = {isa = PBXBuildFile; fileRef = 040CD13A20BECB6B004868BD /* Assets.xcassets */; };
		040CD13E20BECB6B004868BD /* LaunchScreen.storyboard in Resources */ = {isa = PBXBuildFile; fileRef = 040CD13C20BECB6B004868BD /* LaunchScreen.storyboard */; };
		040CD14920BECB6C004868BD /* GitTests.swift in Sources */ = {isa = PBXBuildFile; fileRef = 040CD14820BECB6C004868BD /* GitTests.swift */; };
		040CD15420BECB6C004868BD /* GitUITests.swift in Sources */ = {isa = PBXBuildFile; fileRef = 040CD15320BECB6C004868BD /* GitUITests.swift */; };
/* End PBXBuildFile section */

/* Begin PBXContainerItemProxy section */
		040CD14520BECB6C004868BD /* PBXContainerItemProxy */ = {
			isa = PBXContainerItemProxy;
			containerPortal = 040CD12820BECB6B004868BD /* Project object */;
			proxyType = 1;
			remoteGlobalIDString = 040CD12F20BECB6B004868BD;
			remoteInfo = Git;
		};
		040CD15020BECB6C004868BD /* PBXContainerItemProxy */ = {
			isa = PBXContainerItemProxy;
			containerPortal = 040CD12820BECB6B004868BD /* Project object */;
			proxyType = 1;
			remoteGlobalIDString = 040CD12F20BECB6B004868BD;
			remoteInfo = Git;
		};
/* End PBXContainerItemProxy section */

/* Begin PBXFileReference section */
		040CD13020BECB6B004868BD /* Git.app */ = {isa = PBXFileReference; explicitFileType = wrapper.application; includeInIndex = 0; path = Git.app; sourceTree = BUILT_PRODUCTS_DIR; };
		040CD13320BECB6B004868BD /* AppDelegate.swift */ = {isa = PBXFileReference; lastKnownFileType = sourcecode.swift; path = AppDelegate.swift; sourceTree = "<group>"; };
		040CD13520BECB6B004868BD /* ViewController.swift */ = {isa = PBXFileReference; lastKnownFileType = sourcecode.swift; path = ViewController.swift; sourceTree = "<group>"; };
		040CD13820BECB6B004868BD /* Base */ = {isa = PBXFileReference; lastKnownFileType = file.storyboard; name = Base; path = Base.lproj/Main.storyboard; sourceTree = "<group>"; };
		040CD13A20BECB6B004868BD /* Assets.xcassets */ = {isa = PBXFileReference; lastKnownFileType = folder.assetcatalog; path = Assets.xcassets; sourceTree = "<group>"; };
		040CD13D20BECB6B004868BD /* Base */ = {isa = PBXFileReference; lastKnownFileType = file.storyboard; name = Base; path = Base.lproj/LaunchScreen.storyboard; sourceTree = "<group>"; };
		040CD13F20BECB6B004868BD /* Info.plist */ = {isa = PBXFileReference; lastKnownFileType = text.plist.xml; path = Info.plist; sourceTree = "<group>"; };
		040CD14420BECB6C004868BD /* GitTests.xctest */ = {isa = PBXFileReference; explicitFileType = wrapper.cfbundle; includeInIndex = 0; path = GitTests.xctest; sourceTree = BUILT_PRODUCTS_DIR; };
		040CD14820BECB6C004868BD /* GitTests.swift */ = {isa = PBXFileReference; lastKnownFileType = sourcecode.swift; path = GitTests.swift; sourceTree = "<group>"; };
		040CD14A20BECB6C004868BD /* Info.plist */ = {isa = PBXFileReference; lastKnownFileType = text.plist.xml; path = Info.plist; sourceTree = "<group>"; };
		040CD14F20BECB6C004868BD /* GitUITests.xctest */ = {isa = PBXFileReference; explicitFileType = wrapper.cfbundle; includeInIndex = 0; path = GitUITests.xctest; sourceTree = BUILT_PRODUCTS_DIR; };
		040CD15320BECB6C004868BD /* GitUITests.swift */ = {isa = PBXFileReference; lastKnownFileType = sourcecode.swift; path = GitUITests.swift; sourceTree = "<group>"; };
		040CD15520BECB6C004868BD /* Info.plist */ = {isa = PBXFileReference; lastKnownFileType = text.plist.xml; path = Info.plist; sourceTree = "<group>"; };
/* End PBXFileReference section */

/* Begin PBXFrameworksBuildPhase section */
		040CD12D20BECB6B004868BD /* Frameworks */ = {
			isa = PBXFrameworksBuildPhase;
			buildActionMask = 2147483647;
			files = (
			);
			runOnlyForDeploymentPostprocessing = 0;
		};
		040CD14120BECB6C004868BD /* Frameworks */ = {
			isa = PBXFrameworksBuildPhase;
			buildActionMask = 2147483647;
			files = (
			);
			runOnlyForDeploymentPostprocessing = 0;
		};
		040CD14C20BECB6C004868BD /* Frameworks */ = {
			isa = PBXFrameworksBuildPhase;
			buildActionMask = 2147483647;
			files = (
			);
			runOnlyForDeploymentPostprocessing = 0;
		};
/* End PBXFrameworksBuildPhase section */

/* Begin PBXGroup section */
		040CD12720BECB6B004868BD = {
			isa = PBXGroup;
			children = (
				040CD13220BECB6B004868BD /* Git */,
				040CD14720BECB6C004868BD /* GitTests */,
				040CD15220BECB6C004868BD /* GitUITests */,
				040CD13120BECB6B004868BD /* Products */,
			);
			sourceTree = "<group>";
		};
		040CD13120BECB6B004868BD /* Products */ = {
			isa = PBXGroup;
			children = (
				040CD13020BECB6B004868BD /* Git.app */,
				040CD14420BECB6C004868BD /* GitTests.xctest */,
				040CD14F20BECB6C004868BD /* GitUITests.xctest */,
			);
			name = Products;
			sourceTree = "<group>";
		};
		040CD13220BECB6B004868BD /* Git */ = {
			isa = PBXGroup;
			children = (
				040CD13320BECB6B004868BD /* AppDelegate.swift */,
				040CD13520BECB6B004868BD /* ViewController.swift */,
				040CD13720BECB6B004868BD /* Main.storyboard */,
				040CD13A20BECB6B004868BD /* Assets.xcassets */,
				040CD13C20BECB6B004868BD /* LaunchScreen.storyboard */,
				040CD13F20BECB6B004868BD /* Info.plist */,
			);
			path = Git;
			sourceTree = "<group>";
		};
		040CD14720BECB6C004868BD /* GitTests */ = {
			isa = PBXGroup;
			children = (
				040CD14820BECB6C004868BD /* GitTests.swift */,
				040CD14A20BECB6C004868BD /* Info.plist */,
			);
			path = GitTests;
			sourceTree = "<group>";
		};
		040CD15220BECB6C004868BD /* GitUITests */ = {
			isa = PBXGroup;
			children = (
				040CD15320BECB6C004868BD /* GitUITests.swift */,
				040CD15520BECB6C004868BD /* Info.plist */,
			);
			path = GitUITests;
			sourceTree = "<group>";
		};
/* End PBXGroup section */

/* Begin PBXNativeTarget section */
		040CD12F20BECB6B004868BD /* Git */ = {
			isa = PBXNativeTarget;
			buildConfigurationList = 040CD15820BECB6C004868BD /* Build configuration list for PBXNativeTarget "Git" */;
			buildPhases = (
				040CD12C20BECB6B004868BD /* Sources */,
				040CD12D20BECB6B004868BD /* Frameworks */,
				040CD12E20BECB6B004868BD /* Resources */,
			);
			buildRules = (
			);
			dependencies = (
			);
			name = Git;
			productName = Git;
			productReference = 040CD13020BECB6B004868BD /* Git.app */;
			productType = "com.apple.product-type.application";
		};
		040CD14320BECB6C004868BD /* GitTests */ = {
			isa = PBXNativeTarget;
			buildConfigurationList = 040CD15B20BECB6C004868BD /* Build configuration list for PBXNativeTarget "GitTests" */;
			buildPhases = (
				040CD14020BECB6C004868BD /* Sources */,
				040CD14120BECB6C004868BD /* Frameworks */,
				040CD14220BECB6C004868BD /* Resources */,
			);
			buildRules = (
			);
			dependencies = (
				040CD14620BECB6C004868BD /* PBXTargetDependency */,
			);
			name = GitTests;
			productName = GitTests;
			productReference = 040CD14420BECB6C004868BD /* GitTests.xctest */;
			productType = "com.apple.product-type.bundle.unit-test";
		};
		040CD14E20BECB6C004868BD /* GitUITests */ = {
			isa = PBXNativeTarget;
			buildConfigurationList = 040CD15E20BECB6C004868BD /* Build configuration list for PBXNativeTarget "GitUITests" */;
			buildPhases = (
				040CD14B20BECB6C004868BD /* Sources */,
				040CD14C20BECB6C004868BD /* Frameworks */,
				040CD14D20BECB6C004868BD /* Resources */,
			);
			buildRules = (
			);
			dependencies = (
				040CD15120BECB6C004868BD /* PBXTargetDependency */,
			);
			name = GitUITests;
			productName = GitUITests;
			productReference = 040CD14F20BECB6C004868BD /* GitUITests.xctest */;
			productType = "com.apple.product-type.bundle.ui-testing";
		};
/* End PBXNativeTarget section */

/* Begin PBXProject section */
		040CD12820BECB6B004868BD /* Project object */ = {
			isa = PBXProject;
			attributes = {
				LastSwiftUpdateCheck = 0920;
				LastUpgradeCheck = 0920;
				ORGANIZATIONNAME = brn.developers;
				TargetAttributes = {
					040CD12F20BECB6B004868BD = {
						CreatedOnToolsVersion = 9.2;
						ProvisioningStyle = Automatic;
					};
					040CD14320BECB6C004868BD = {
						CreatedOnToolsVersion = 9.2;
						ProvisioningStyle = Automatic;
						TestTargetID = 040CD12F20BECB6B004868BD;
					};
					040CD14E20BECB6C004868BD = {
						CreatedOnToolsVersion = 9.2;
						ProvisioningStyle = Automatic;
						TestTargetID = 040CD12F20BECB6B004868BD;
					};
				};
			};
			buildConfigurationList = 040CD12B20BECB6B004868BD /* Build configuration list for PBXProject "Git" */;
			compatibilityVersion = "Xcode 8.0";
			developmentRegion = en;
			hasScannedForEncodings = 0;
			knownRegions = (
				en,
				Base,
			);
			mainGroup = 040CD12720BECB6B004868BD;
			productRefGroup = 040CD13120BECB6B004868BD /* Products */;
			projectDirPath = "";
			projectRoot = "";
			targets = (
				040CD12F20BECB6B004868BD /* Git */,
				040CD14320BECB6C004868BD /* GitTests */,
				040CD14E20BECB6C004868BD /* GitUITests */,
			);
		};
/* End PBXProject section */

/* Begin PBXResourcesBuildPhase section */
		040CD12E20BECB6B004868BD /* Resources */ = {
			isa = PBXResourcesBuildPhase;
			buildActionMask = 2147483647;
			files = (
				040CD13E20BECB6B004868BD /* LaunchScreen.storyboard in Resources */,
				040CD13B20BECB6B004868BD /* Assets.xcassets in Resources */,
				040CD13920BECB6B004868BD /* Main.storyboard in Resources */,
			);
			runOnlyForDeploymentPostprocessing = 0;
		};
		040CD14220BECB6C004868BD /* Resources */ = {
			isa = PBXResourcesBuildPhase;
			buildActionMask = 2147483647;
			files = (
			);
			runOnlyForDeploymentPostprocessing = 0;
		};
		040CD14D20BECB6C004868BD /* Resources */ = {
			isa = PBXResourcesBuildPhase;
			buildActionMask = 2147483647;
			files = (
			);
			runOnlyForDeploymentPostprocessing = 0;
		};
/* End PBXResourcesBuildPhase section */

/* Begin PBXSourcesBuildPhase section */
		040CD12C20BECB6B004868BD /* Sources */ = {
			isa = PBXSourcesBuildPhase;
			buildActionMask = 2147483647;
			files = (
				040CD13620BECB6B004868BD /* ViewController.swift in Sources */,
				040CD13420BECB6B004868BD /* AppDelegate.swift in Sources */,
			);
			runOnlyForDeploymentPostprocessing = 0;
		};
		040CD14020BECB6C004868BD /* Sources */ = {
			isa = PBXSourcesBuildPhase;
			buildActionMask = 2147483647;
			files = (
				040CD14920BECB6C004868BD /* GitTests.swift in Sources */,
			);
			runOnlyForDeploymentPostprocessing = 0;
		};
		040CD14B20BECB6C004868BD /* Sources */ = {
			isa = PBXSourcesBuildPhase;
			buildActionMask = 2147483647;
			files = (
				040CD15420BECB6C004868BD /* GitUITests.swift in Sources */,
			);
			runOnlyForDeploymentPostprocessing = 0;
		};
/* End PBXSourcesBuildPhase section */

/* Begin PBXTargetDependency section */
		040CD14620BECB6C004868BD /* PBXTargetDependency */ = {
			isa = PBXTargetDependency;
			target = 040CD12F20BECB6B004868BD /* Git */;
			targetProxy = 040CD14520BECB6C004868BD /* PBXContainerItemProxy */;
		};
		040CD15120BECB6C004868BD /* PBXTargetDependency */ = {
			isa = PBXTargetDependency;
			target = 040CD12F20BECB6B004868BD /* Git */;
			targetProxy = 040CD15020BECB6C004868BD /* PBXContainerItemProxy */;
		};
/* End PBXTargetDependency section */

/* Begin PBXVariantGroup section */
		040CD13720BECB6B004868BD /* Main.storyboard */ = {
			isa = PBXVariantGroup;
			children = (
				040CD13820BECB6B004868BD /* Base */,
			);
			name = Main.storyboard;
			sourceTree = "<group>";
		};
		040CD13C20BECB6B004868BD /* LaunchScreen.storyboard */ = {
			isa = PBXVariantGroup;
			children = (
				040CD13D20BECB6B004868BD /* Base */,
			);
			name = LaunchScreen.storyboard;
			sourceTree = "<group>";
		};
/* End PBXVariantGroup section */

/* Begin XCBuildConfiguration section */
		040CD15620BECB6C004868BD /* Debug */ = {
			isa = XCBuildConfiguration;
			buildSettings = {
				ALWAYS_SEARCH_USER_PATHS = NO;
				CLANG_ANALYZER_NONNULL = YES;
				CLANG_ANALYZER_NUMBER_OBJECT_CONVERSION = YES_AGGRESSIVE;
				CLANG_CXX_LANGUAGE_STANDARD = "gnu++14";
				CLANG_CXX_LIBRARY = "libc++";
				CLANG_ENABLE_MODULES = YES;
				CLANG_ENABLE_OBJC_ARC = YES;
				CLANG_WARN_BLOCK_CAPTURE_AUTORELEASING = YES;
				CLANG_WARN_BOOL_CONVERSION = YES;
				CLANG_WARN_COMMA = YES;
				CLANG_WARN_CONSTANT_CONVERSION = YES;
				CLANG_WARN_DIRECT_OBJC_ISA_USAGE = YES_ERROR;
				CLANG_WARN_DOCUMENTATION_COMMENTS = YES;
				CLANG_WARN_EMPTY_BODY = YES;
				CLANG_WARN_ENUM_CONVERSION = YES;
				CLANG_WARN_INFINITE_RECURSION = YES;
				CLANG_WARN_INT_CONVERSION = YES;
				CLANG_WARN_NON_LITERAL_NULL_CONVERSION = YES;
				CLANG_WARN_OBJC_LITERAL_CONVERSION = YES;
				CLANG_WARN_OBJC_ROOT_CLASS = YES_ERROR;
				CLANG_WARN_RANGE_LOOP_ANALYSIS = YES;
				CLANG_WARN_STRICT_PROTOTYPES = YES;
				CLANG_WARN_SUSPICIOUS_MOVE = YES;
				CLANG_WARN_UNGUARDED_AVAILABILITY = YES_AGGRESSIVE;
				CLANG_WARN_UNREACHABLE_CODE = YES;
				CLANG_WARN__DUPLICATE_METHOD_MATCH = YES;
				CODE_SIGN_IDENTITY = "iPhone Developer";
				COPY_PHASE_STRIP = NO;
				DEBUG_INFORMATION_FORMAT = dwarf;
				ENABLE_STRICT_OBJC_MSGSEND = YES;
				ENABLE_TESTABILITY = YES;
				GCC_C_LANGUAGE_STANDARD = gnu11;
				GCC_DYNAMIC_NO_PIC = NO;
				GCC_NO_COMMON_BLOCKS = YES;
				GCC_OPTIMIZATION_LEVEL = 0;
				GCC_PREPROCESSOR_DEFINITIONS = (
					"DEBUG=1",
					"$(inherited)",
				);
				GCC_WARN_64_TO_32_BIT_CONVERSION = YES;
				GCC_WARN_ABOUT_RETURN_TYPE = YES_ERROR;
				GCC_WARN_UNDECLARED_SELECTOR = YES;
				GCC_WARN_UNINITIALIZED_AUTOS = YES_AGGRESSIVE;
				GCC_WARN_UNUSED_FUNCTION = YES;
				GCC_WARN_UNUSED_VARIABLE = YES;
				IPHONEOS_DEPLOYMENT_TARGET = 11.2;
				MTL_ENABLE_DEBUG_INFO = YES;
				ONLY_ACTIVE_ARCH = YES;
				SDKROOT = iphoneos;
				SWIFT_ACTIVE_COMPILATION_CONDITIONS = DEBUG;
				SWIFT_OPTIMIZATION_LEVEL = "-Onone";
			};
			name = Debug;
		};
		040CD15720BECB6C004868BD /* Release */ = {
			isa = XCBuildConfiguration;
			buildSettings = {
				ALWAYS_SEARCH_USER_PATHS = NO;
				CLANG_ANALYZER_NONNULL = YES;
				CLANG_ANALYZER_NUMBER_OBJECT_CONVERSION = YES_AGGRESSIVE;
				CLANG_CXX_LANGUAGE_STANDARD = "gnu++14";
				CLANG_CXX_LIBRARY = "libc++";
				CLANG_ENABLE_MODULES = YES;
				CLANG_ENABLE_OBJC_ARC = YES;
				CLANG_WARN_BLOCK_CAPTURE_AUTORELEASING = YES;
				CLANG_WARN_BOOL_CONVERSION = YES;
				CLANG_WARN_COMMA = YES;
				CLANG_WARN_CONSTANT_CONVERSION = YES;
				CLANG_WARN_DIRECT_OBJC_ISA_USAGE = YES_ERROR;
				CLANG_WARN_DOCUMENTATION_COMMENTS = YES;
				CLANG_WARN_EMPTY_BODY = YES;
				CLANG_WARN_ENUM_CONVERSION = YES;
				CLANG_WARN_INFINITE_RECURSION = YES;
				CLANG_WARN_INT_CONVERSION = YES;
				CLANG_WARN_NON_LITERAL_NULL_CONVERSION = YES;
				CLANG_WARN_OBJC_LITERAL_CONVERSION = YES;
				CLANG_WARN_OBJC_ROOT_CLASS = YES_ERROR;
				CLANG_WARN_RANGE_LOOP_ANALYSIS = YES;
				CLANG_WARN_STRICT_PROTOTYPES = YES;
				CLANG_WARN_SUSPICIOUS_MOVE = YES;
				CLANG_WARN_UNGUARDED_AVAILABILITY = YES_AGGRESSIVE;
				CLANG_WARN_UNREACHABLE_CODE = YES;
				CLANG_WARN__DUPLICATE_METHOD_MATCH = YES;
				CODE_SIGN_IDENTITY = "iPhone Developer";
				COPY_PHASE_STRIP = NO;
				DEBUG_INFORMATION_FORMAT = "dwarf-with-dsym";
				ENABLE_NS_ASSERTIONS = NO;
				ENABLE_STRICT_OBJC_MSGSEND = YES;
				GCC_C_LANGUAGE_STANDARD = gnu11;
				GCC_NO_COMMON_BLOCKS = YES;
				GCC_WARN_64_TO_32_BIT_CONVERSION = YES;
				GCC_WARN_ABOUT_RETURN_TYPE = YES_ERROR;
				GCC_WARN_UNDECLARED_SELECTOR = YES;
				GCC_WARN_UNINITIALIZED_AUTOS = YES_AGGRESSIVE;
				GCC_WARN_UNUSED_FUNCTION = YES;
				GCC_WARN_UNUSED_VARIABLE = YES;
				IPHONEOS_DEPLOYMENT_TARGET = 11.2;
				MTL_ENABLE_DEBUG_INFO = NO;
				SDKROOT = iphoneos;
				SWIFT_OPTIMIZATION_LEVEL = "-Owholemodule";
				VALIDATE_PRODUCT = YES;
			};
			name = Release;
		};
		040CD15920BECB6C004868BD /* Debug */ = {
			isa = XCBuildConfiguration;
			buildSettings = {
				ASSETCATALOG_COMPILER_APPICON_NAME = AppIcon;
				CODE_SIGN_STYLE = Automatic;
				DEVELOPMENT_TEAM = 9R94QFKK95;
				INFOPLIST_FILE = Git/Info.plist;
				LD_RUNPATH_SEARCH_PATHS = "$(inherited) @executable_path/Frameworks";
				PRODUCT_BUNDLE_IDENTIFIER = brn.nikitha.Git;
				PRODUCT_NAME = "$(TARGET_NAME)";
				SWIFT_VERSION = 4.0;
				TARGETED_DEVICE_FAMILY = "1,2";
			};
			name = Debug;
		};
		040CD15A20BECB6C004868BD /* Release */ = {
			isa = XCBuildConfiguration;
			buildSettings = {
				ASSETCATALOG_COMPILER_APPICON_NAME = AppIcon;
				CODE_SIGN_STYLE = Automatic;
				DEVELOPMENT_TEAM = 9R94QFKK95;
				INFOPLIST_FILE = Git/Info.plist;
				LD_RUNPATH_SEARCH_PATHS = "$(inherited) @executable_path/Frameworks";
				PRODUCT_BUNDLE_IDENTIFIER = brn.nikitha.Git;
				PRODUCT_NAME = "$(TARGET_NAME)";
				SWIFT_VERSION = 4.0;
				TARGETED_DEVICE_FAMILY = "1,2";
			};
			name = Release;
		};
		040CD15C20BECB6C004868BD /* Debug */ = {
			isa = XCBuildConfiguration;
			buildSettings = {
				ALWAYS_EMBED_SWIFT_STANDARD_LIBRARIES = YES;
				BUNDLE_LOADER = "$(TEST_HOST)";
				CODE_SIGN_STYLE = Automatic;
				DEVELOPMENT_TEAM = 9R94QFKK95;
				INFOPLIST_FILE = GitTests/Info.plist;
				LD_RUNPATH_SEARCH_PATHS = "$(inherited) @executable_path/Frameworks @loader_path/Frameworks";
				PRODUCT_BUNDLE_IDENTIFIER = brn.nikitha.GitTests;
				PRODUCT_NAME = "$(TARGET_NAME)";
				SWIFT_VERSION = 4.0;
				TARGETED_DEVICE_FAMILY = "1,2";
				TEST_HOST = "$(BUILT_PRODUCTS_DIR)/Git.app/Git";
			};
			name = Debug;
		};
		040CD15D20BECB6C004868BD /* Release */ = {
			isa = XCBuildConfiguration;
			buildSettings = {
				ALWAYS_EMBED_SWIFT_STANDARD_LIBRARIES = YES;
				BUNDLE_LOADER = "$(TEST_HOST)";
				CODE_SIGN_STYLE = Automatic;
				DEVELOPMENT_TEAM = 9R94QFKK95;
				INFOPLIST_FILE = GitTests/Info.plist;
				LD_RUNPATH_SEARCH_PATHS = "$(inherited) @executable_path/Frameworks @loader_path/Frameworks";
				PRODUCT_BUNDLE_IDENTIFIER = brn.nikitha.GitTests;
				PRODUCT_NAME = "$(TARGET_NAME)";
				SWIFT_VERSION = 4.0;
				TARGETED_DEVICE_FAMILY = "1,2";
				TEST_HOST = "$(BUILT_PRODUCTS_DIR)/Git.app/Git";
			};
			name = Release;
		};
		040CD15F20BECB6C004868BD /* Debug */ = {
			isa = XCBuildConfiguration;
			buildSettings = {
				ALWAYS_EMBED_SWIFT_STANDARD_LIBRARIES = YES;
				CODE_SIGN_STYLE = Automatic;
				DEVELOPMENT_TEAM = 9R94QFKK95;
				INFOPLIST_FILE = GitUITests/Info.plist;
				LD_RUNPATH_SEARCH_PATHS = "$(inherited) @executable_path/Frameworks @loader_path/Frameworks";
				PRODUCT_BUNDLE_IDENTIFIER = brn.nikitha.GitUITests;
				PRODUCT_NAME = "$(TARGET_NAME)";
				SWIFT_VERSION = 4.0;
				TARGETED_DEVICE_FAMILY = "1,2";
				TEST_TARGET_NAME = Git;
			};
			name = Debug;
		};
		040CD16020BECB6C004868BD /* Release */ = {
			isa = XCBuildConfiguration;
			buildSettings = {
				ALWAYS_EMBED_SWIFT_STANDARD_LIBRARIES = YES;
				CODE_SIGN_STYLE = Automatic;
				DEVELOPMENT_TEAM = 9R94QFKK95;
				INFOPLIST_FILE = GitUITests/Info.plist;
				LD_RUNPATH_SEARCH_PATHS = "$(inherited) @executable_path/Frameworks @loader_path/Frameworks";
				PRODUCT_BUNDLE_IDENTIFIER = brn.nikitha.GitUITests;
				PRODUCT_NAME = "$(TARGET_NAME)";
				SWIFT_VERSION = 4.0;
				TARGETED_DEVICE_FAMILY = "1,2";
				TEST_TARGET_NAME = Git;
			};
			name = Release;
		};
/* End XCBuildConfiguration section */

/* Begin XCConfigurationList section */
		040CD12B20BECB6B004868BD /* Build configuration list for PBXProject "Git" */ = {
			isa = XCConfigurationList;
			buildConfigurations = (
				040CD15620BECB6C004868BD /* Debug */,
				040CD15720BECB6C004868BD /* Release */,
			);
			defaultConfigurationIsVisible = 0;
			defaultConfigurationName = Release;
		};
		040CD15820BECB6C004868BD /* Build configuration list for PBXNativeTarget "Git" */ = {
			isa = XCConfigurationList;
			buildConfigurations = (
				040CD15920BECB6C004868BD /* Debug */,
				040CD15A20BECB6C004868BD /* Release */,
			);
			defaultConfigurationIsVisible = 0;
			defaultConfigurationName = Release;
		};
		040CD15B20BECB6C004868BD /* Build configuration list for PBXNativeTarget "GitTests" */ = {
			isa = XCConfigurationList;
			buildConfigurations = (
				040CD15C20BECB6C004868BD /* Debug */,
				040CD15D20BECB6C004868BD /* Release */,
			);
			defaultConfigurationIsVisible = 0;
			defaultConfigurationName = Release;
		};
		040CD15E20BECB6C004868BD /* Build configuration list for PBXNativeTarget "GitUITests" */ = {
			isa = XCConfigurationList;
			buildConfigurations = (
				040CD15F20BECB6C004868BD /* Debug */,
				040CD16020BECB6C004868BD /* Release */,
			);
			defaultConfigurationIsVisible = 0;
			defaultConfigurationName = Release;
		};
/* End XCConfigurationList section */
	};
	rootObject = 040CD12820BECB6B004868BD /* Project object */;
}
